
Microsoft Visual Studio Solution File, Format Version 12.00
# Visual Studio Version 16
VisualStudioVersion = 16.0.28803.156
MinimumVisualStudioVersion = 10.0.40219.1
Project("{9A19103F-16F7-4668-BE54-9A1E7A4F7556}") = "FunctionArrays", "FunctionArrays\FunctionArrays.csproj", "{5A524113-196B-4099-818D-A46B92E6587D}"
EndProject
Project("{9A19103F-16F7-4668-BE54-9A1E7A4F7556}") = "ConsoleApp1", "ConsoleApp1\ConsoleApp1.csproj", "{26D0A81A-9810-411A-B10D-E527310036DC}"
EndProject
Project("{9A19103F-16F7-4668-BE54-9A1E7A4F7556}") = "ConsoleApp2", "ConsoleApp2\ConsoleApp2.csproj", "{D7FB60EA-4D88-4A03-A62B-ECD017C8C65F}"
EndProject
Project("{9A19103F-16F7-4668-BE54-9A1E7A4F7556}") = "ConsoleApp3", "ConsoleApp3\ConsoleApp3.csproj", "{6E8AE6D5-FEAB-4A1D-A090-14C2371CB827}"
EndProject
Project("{FAE04EC0-301F-11D3-BF4B-00C04F79EFBC}") = "ConsoleApp4", "ConsoleApp4\ConsoleApp4.csproj", "{F9566829-F795-4271-8603-37F97CF4BA58}"
EndProject
Global
	GlobalSection(SolutionConfigurationPlatforms) = preSolution
		Debug|Any CPU = Debug|Any CPU
		Release|Any CPU = Release|Any CPU
	EndGlobalSection
	GlobalSection(ProjectConfigurationPlatforms) = postSolution
		{5A524113-196B-4099-818D-A46B92E6587D}.Debug|Any CPU.ActiveCfg = Debug|Any CPU
		{5A524113-196B-4099-818D-A46B92E6587D}.Debug|Any CPU.Build.0 = Debug|Any CPU
		{5A524113-196B-4099-818D-A46B92E6587D}.Release|Any CPU.ActiveCfg = Release|Any CPU
		{5A524113-196B-4099-818D-A46B92E6587D}.Release|Any CPU.Build.0 = Release|Any CPU
		{26D0A81A-9810-411A-B10D-E527310036DC}.Debug|Any CPU.ActiveCfg = Debug|Any CPU
		{26D0A81A-9810-411A-B10D-E527310036DC}.Debug|Any CPU.Build.0 = Debug|Any CPU
		{26D0A81A-9810-411A-B10D-E527310036DC}.Release|Any CPU.ActiveCfg = Release|Any CPU
		{26D0A81A-9810-411A-B10D-E527310036DC}.Release|Any CPU.Build.0 = Release|Any CPU
		{D7FB60EA-4D88-4A03-A62B-ECD017C8C65F}.Debug|Any CPU.ActiveCfg = Debug|Any CPU
		{D7FB60EA-4D88-4A03-A62B-ECD017C8C65F}.Debug|Any CPU.Build.0 = Debug|Any CPU
		{D7FB60EA-4D88-4A03-A62B-ECD017C8C65F}.Release|Any CPU.ActiveCfg = Release|Any CPU
		{D7FB60EA-4D88-4A03-A62B-ECD017C8C65F}.Release|Any CPU.Build.0 = Release|Any CPU
		{6E8AE6D5-FEAB-4A1D-A090-14C2371CB827}.Debug|Any CPU.ActiveCfg = Debug|Any CPU
		{6E8AE6D5-FEAB-4A1D-A090-14C2371CB827}.Debug|Any CPU.Build.0 = Debug|Any CPU
		{6E8AE6D5-FEAB-4A1D-A090-14C2371CB827}.Release|Any CPU.ActiveCfg = Release|Any CPU
		{6E8AE6D5-FEAB-4A1D-A090-14C2371CB827}.Release|Any CPU.Build.0 = Release|Any CPU
		{F9566829-F795-4271-8603-37F97CF4BA58}.Debug|Any CPU.ActiveCfg = Debug|Any CPU
		{F9566829-F795-4271-8603-37F97CF4BA58}.Debug|Any CPU.Build.0 = Debug|Any CPU
		{F9566829-F795-4271-8603-37F97CF4BA58}.Release|Any CPU.ActiveCfg = Release|Any CPU
		{F9566829-F795-4271-8603-37F97CF4BA58}.Release|Any CPU.Build.0 = Release|Any CPU
	EndGlobalSection
	GlobalSection(SolutionProperties) = preSolution
		HideSolutionNode = FALSE
	EndGlobalSection
	GlobalSection(ExtensibilityGlobals) = postSolution
		SolutionGuid = {5D46559A-DC31-437B-BDCB-1007278F5488}
	EndGlobalSection
EndGlobal
